
Microsoft Visual Studio Solution File, Format Version 12.00
# Visual Studio Version 17
VisualStudioVersion = 17.11.35208.52
MinimumVisualStudioVersion = 10.0.40219.1
Project("{FAE04EC0-301F-11D3-BF4B-00C04F79EFBC}") = "ProyectoAllphoneSF", "ProyectoAllphoneSF\ProyectoAllphoneSF.csproj", "{E29B7451-13EB-4335-B892-E8993B1746E2}"
EndProject
Global
	GlobalSection(SolutionConfigurationPlatforms) = preSolution
		Debug|Any CPU = Debug|Any CPU
		Release|Any CPU = Release|Any CPU
	EndGlobalSection
	GlobalSection(ProjectConfigurationPlatforms) = postSolution
		{E29B7451-13EB-4335-B892-E8993B1746E2}.Debug|Any CPU.ActiveCfg = Debug|Any CPU
		{E29B7451-13EB-4335-B892-E8993B1746E2}.Debug|Any CPU.Build.0 = Debug|Any CPU
		{E29B7451-13EB-4335-B892-E8993B1746E2}.Release|Any CPU.ActiveCfg = Release|Any CPU
		{E29B7451-13EB-4335-B892-E8993B1746E2}.Release|Any CPU.Build.0 = Release|Any CPU
	EndGlobalSection
	GlobalSection(SolutionProperties) = preSolution
		HideSolutionNode = FALSE
	EndGlobalSection
	GlobalSection(ExtensibilityGlobals) = postSolution
		SolutionGuid = {8CC69E66-D15B-43FB-A771-28C7DA75EC62}
	EndGlobalSection
EndGlobal
